// !$*UTF8*$!
{
	archiveVersion = 1;
	classes = {
	};
	objectVersion = 56;
	objects = {

/* Begin PBXBuildFile section */
		764FD7052AA49BE000C4ECF1 /* AppDelegate.swift in Sources */ = {isa = PBXBuildFile; fileRef = 764FD7042AA49BE000C4ECF1 /* AppDelegate.swift */; };
		764FD7072AA49BE000C4ECF1 /* SceneDelegate.swift in Sources */ = {isa = PBXBuildFile; fileRef = 764FD7062AA49BE000C4ECF1 /* SceneDelegate.swift */; };
		764FD7092AA49BE000C4ECF1 /* ViewController.swift in Sources */ = {isa = PBXBuildFile; fileRef = 764FD7082AA49BE000C4ECF1 /* ViewController.swift */; };
		764FD70C2AA49BE000C4ECF1 /* Main.storyboard in Resources */ = {isa = PBXBuildFile; fileRef = 764FD70A2AA49BE000C4ECF1 /* Main.storyboard */; };
		764FD70E2AA49BE100C4ECF1 /* Assets.xcassets in Resources */ = {isa = PBXBuildFile; fileRef = 764FD70D2AA49BE100C4ECF1 /* Assets.xcassets */; };
		764FD7112AA49BE100C4ECF1 /* LaunchScreen.storyboard in Resources */ = {isa = PBXBuildFile; fileRef = 764FD70F2AA49BE100C4ECF1 /* LaunchScreen.storyboard */; };
		764FD71A2AA4A48500C4ECF1 /* Realm in Frameworks */ = {isa = PBXBuildFile; productRef = 764FD7192AA4A48500C4ECF1 /* Realm */; };
		764FD71C2AA4A48500C4ECF1 /* RealmSwift in Frameworks */ = {isa = PBXBuildFile; productRef = 764FD71B2AA4A48500C4ECF1 /* RealmSwift */; };
		76E9E30B2AA76E400072FA48 /* Result.storyboard in Resources */ = {isa = PBXBuildFile; fileRef = 76E9E30A2AA76E400072FA48 /* Result.storyboard */; };
		76E9E30D2AA76EF00072FA48 /* ResultViewController.swift in Sources */ = {isa = PBXBuildFile; fileRef = 76E9E30C2AA76EF00072FA48 /* ResultViewController.swift */; };
		76E9E30F2AA862300072FA48 /* LocationManager.swift in Sources */ = {isa = PBXBuildFile; fileRef = 76E9E30E2AA862300072FA48 /* LocationManager.swift */; };
/* End PBXBuildFile section */

/* Begin PBXFileReference section */
		764FD7012AA49BE000C4ECF1 /* GPSPractice.app */ = {isa = PBXFileReference; explicitFileType = wrapper.application; includeInIndex = 0; path = GPSPractice.app; sourceTree = BUILT_PRODUCTS_DIR; };
		764FD7042AA49BE000C4ECF1 /* AppDelegate.swift */ = {isa = PBXFileReference; lastKnownFileType = sourcecode.swift; path = AppDelegate.swift; sourceTree = "<group>"; };
		764FD7062AA49BE000C4ECF1 /* SceneDelegate.swift */ = {isa = PBXFileReference; lastKnownFileType = sourcecode.swift; path = SceneDelegate.swift; sourceTree = "<group>"; };
		764FD7082AA49BE000C4ECF1 /* ViewController.swift */ = {isa = PBXFileReference; lastKnownFileType = sourcecode.swift; path = ViewController.swift; sourceTree = "<group>"; };
		764FD70B2AA49BE000C4ECF1 /* Base */ = {isa = PBXFileReference; lastKnownFileType = file.storyboard; name = Base; path = Base.lproj/Main.storyboard; sourceTree = "<group>"; };
		764FD70D2AA49BE100C4ECF1 /* Assets.xcassets */ = {isa = PBXFileReference; lastKnownFileType = folder.assetcatalog; path = Assets.xcassets; sourceTree = "<group>"; };
		764FD7102AA49BE100C4ECF1 /* Base */ = {isa = PBXFileReference; lastKnownFileType = file.storyboard; name = Base; path = Base.lproj/LaunchScreen.storyboard; sourceTree = "<group>"; };
		764FD7122AA49BE100C4ECF1 /* Info.plist */ = {isa = PBXFileReference; lastKnownFileType = text.plist.xml; path = Info.plist; sourceTree = "<group>"; };
		76E9E30A2AA76E400072FA48 /* Result.storyboard */ = {isa = PBXFileReference; lastKnownFileType = file.storyboard; path = Result.storyboard; sourceTree = "<group>"; };
		76E9E30C2AA76EF00072FA48 /* ResultViewController.swift */ = {isa = PBXFileReference; lastKnownFileType = sourcecode.swift; path = ResultViewController.swift; sourceTree = "<group>"; };
		76E9E30E2AA862300072FA48 /* LocationManager.swift */ = {isa = PBXFileReference; lastKnownFileType = sourcecode.swift; path = LocationManager.swift; sourceTree = "<group>"; };
/* End PBXFileReference section */

/* Begin PBXFrameworksBuildPhase section */
		764FD6FE2AA49BE000C4ECF1 /* Frameworks */ = {
			isa = PBXFrameworksBuildPhase;
			buildActionMask = 2147483647;
			files = (
				764FD71C2AA4A48500C4ECF1 /* RealmSwift in Frameworks */,
				764FD71A2AA4A48500C4ECF1 /* Realm in Frameworks */,
			);
			runOnlyForDeploymentPostprocessing = 0;
		};
/* End PBXFrameworksBuildPhase section */

/* Begin PBXGroup section */
		764FD6F82AA49BE000C4ECF1 = {
			isa = PBXGroup;
			children = (
				764FD7032AA49BE000C4ECF1 /* GPSPractice */,
				764FD7022AA49BE000C4ECF1 /* Products */,
			);
			sourceTree = "<group>";
		};
		764FD7022AA49BE000C4ECF1 /* Products */ = {
			isa = PBXGroup;
			children = (
				764FD7012AA49BE000C4ECF1 /* GPSPractice.app */,
			);
			name = Products;
			sourceTree = "<group>";
		};
		764FD7032AA49BE000C4ECF1 /* GPSPractice */ = {
			isa = PBXGroup;
			children = (
				764FD7042AA49BE000C4ECF1 /* AppDelegate.swift */,
				764FD7062AA49BE000C4ECF1 /* SceneDelegate.swift */,
				764FD7082AA49BE000C4ECF1 /* ViewController.swift */,
				76E9E30E2AA862300072FA48 /* LocationManager.swift */,
				764FD70A2AA49BE000C4ECF1 /* Main.storyboard */,
				76E9E30A2AA76E400072FA48 /* Result.storyboard */,
				76E9E30C2AA76EF00072FA48 /* ResultViewController.swift */,
				764FD70D2AA49BE100C4ECF1 /* Assets.xcassets */,
				764FD70F2AA49BE100C4ECF1 /* LaunchScreen.storyboard */,
				764FD7122AA49BE100C4ECF1 /* Info.plist */,
			);
			path = GPSPractice;
			sourceTree = "<group>";
		};
/* End PBXGroup section */

/* Begin PBXNativeTarget section */
		764FD7002AA49BE000C4ECF1 /* GPSPractice */ = {
			isa = PBXNativeTarget;
			buildConfigurationList = 764FD7152AA49BE100C4ECF1 /* Build configuration list for PBXNativeTarget "GPSPractice" */;
			buildPhases = (
				764FD6FD2AA49BE000C4ECF1 /* Sources */,
				764FD6FE2AA49BE000C4ECF1 /* Frameworks */,
				764FD6FF2AA49BE000C4ECF1 /* Resources */,
			);
			buildRules = (
			);
			dependencies = (
			);
			name = GPSPractice;
			packageProductDependencies = (
				764FD7192AA4A48500C4ECF1 /* Realm */,
				764FD71B2AA4A48500C4ECF1 /* RealmSwift */,
			);
			productName = GPSPractice;
			productReference = 764FD7012AA49BE000C4ECF1 /* GPSPractice.app */;
			productType = "com.apple.product-type.application";
		};
/* End PBXNativeTarget section */

/* Begin PBXProject section */
		764FD6F92AA49BE000C4ECF1 /* Project object */ = {
			isa = PBXProject;
			attributes = {
				BuildIndependentTargetsInParallel = 1;
				LastSwiftUpdateCheck = 1430;
				LastUpgradeCheck = 1430;
				TargetAttributes = {
					764FD7002AA49BE000C4ECF1 = {
						CreatedOnToolsVersion = 14.3.1;
					};
				};
			};
			buildConfigurationList = 764FD6FC2AA49BE000C4ECF1 /* Build configuration list for PBXProject "GPSPractice" */;
			compatibilityVersion = "Xcode 14.0";
			developmentRegion = en;
			hasScannedForEncodings = 0;
			knownRegions = (
				en,
				Base,
			);
			mainGroup = 764FD6F82AA49BE000C4ECF1;
			packageReferences = (
				764FD7182AA4A48500C4ECF1 /* XCRemoteSwiftPackageReference "realm-swift" */,
			);
			productRefGroup = 764FD7022AA49BE000C4ECF1 /* Products */;
			projectDirPath = "";
			projectRoot = "";
			targets = (
				764FD7002AA49BE000C4ECF1 /* GPSPractice */,
			);
		};
/* End PBXProject section */

/* Begin PBXResourcesBuildPhase section */
		764FD6FF2AA49BE000C4ECF1 /* Resources */ = {
			isa = PBXResourcesBuildPhase;
			buildActionMask = 2147483647;
			files = (
				764FD7112AA49BE100C4ECF1 /* LaunchScreen.storyboard in Resources */,
				764FD70E2AA49BE100C4ECF1 /* Assets.xcassets in Resources */,
				764FD70C2AA49BE000C4ECF1 /* Main.storyboard in Resources */,
				76E9E30B2AA76E400072FA48 /* Result.storyboard in Resources */,
			);
			runOnlyForDeploymentPostprocessing = 0;
		};
/* End PBXResourcesBuildPhase section */

/* Begin PBXSourcesBuildPhase section */
		764FD6FD2AA49BE000C4ECF1 /* Sources */ = {
			isa = PBXSourcesBuildPhase;
			buildActionMask = 2147483647;
			files = (
				764FD7092AA49BE000C4ECF1 /* ViewController.swift in Sources */,
				764FD7052AA49BE000C4ECF1 /* AppDelegate.swift in Sources */,
				76E9E30F2AA862300072FA48 /* LocationManager.swift in Sources */,
				764FD7072AA49BE000C4ECF1 /* SceneDelegate.swift in Sources */,
				76E9E30D2AA76EF00072FA48 /* ResultViewController.swift in Sources */,
			);
			runOnlyForDeploymentPostprocessing = 0;
		};
/* End PBXSourcesBuildPhase section */

/* Begin PBXVariantGroup section */
		764FD70A2AA49BE000C4ECF1 /* Main.storyboard */ = {
			isa = PBXVariantGroup;
			children = (
				764FD70B2AA49BE000C4ECF1 /* Base */,
			);
			name = Main.storyboard;
			sourceTree = "<group>";
		};
		764FD70F2AA49BE100C4ECF1 /* LaunchScreen.storyboard */ = {
			isa = PBXVariantGroup;
			children = (
				764FD7102AA49BE100C4ECF1 /* Base */,
			);
			name = LaunchScreen.storyboard;
			sourceTree = "<group>";
		};
/* End PBXVariantGroup section */

/* Begin XCBuildConfiguration section */
		764FD7132AA49BE100C4ECF1 /* Debug */ = {
			isa = XCBuildConfiguration;
			buildSettings = {
				ALWAYS_SEARCH_USER_PATHS = NO;
				CLANG_ANALYZER_NONNULL = YES;
				CLANG_ANALYZER_NUMBER_OBJECT_CONVERSION = YES_AGGRESSIVE;
				CLANG_CXX_LANGUAGE_STANDARD = "gnu++20";
				CLANG_ENABLE_MODULES = YES;
				CLANG_ENABLE_OBJC_ARC = YES;
				CLANG_ENABLE_OBJC_WEAK = YES;
				CLANG_WARN_BLOCK_CAPTURE_AUTORELEASING = YES;
				CLANG_WARN_BOOL_CONVERSION = YES;
				CLANG_WARN_COMMA = YES;
				CLANG_WARN_CONSTANT_CONVERSION = YES;
				CLANG_WARN_DEPRECATED_OBJC_IMPLEMENTATIONS = YES;
				CLANG_WARN_DIRECT_OBJC_ISA_USAGE = YES_ERROR;
				CLANG_WARN_DOCUMENTATION_COMMENTS = YES;
				CLANG_WARN_EMPTY_BODY = YES;
				CLANG_WARN_ENUM_CONVERSION = YES;
				CLANG_WARN_INFINITE_RECURSION = YES;
				CLANG_WARN_INT_CONVERSION = YES;
				CLANG_WARN_NON_LITERAL_NULL_CONVERSION = YES;
				CLANG_WARN_OBJC_IMPLICIT_RETAIN_SELF = YES;
				CLANG_WARN_OBJC_LITERAL_CONVERSION = YES;
				CLANG_WARN_OBJC_ROOT_CLASS = YES_ERROR;
				CLANG_WARN_QUOTED_INCLUDE_IN_FRAMEWORK_HEADER = YES;
				CLANG_WARN_RANGE_LOOP_ANALYSIS = YES;
				CLANG_WARN_STRICT_PROTOTYPES = YES;
				CLANG_WARN_SUSPICIOUS_MOVE = YES;
				CLANG_WARN_UNGUARDED_AVAILABILITY = YES_AGGRESSIVE;
				CLANG_WARN_UNREACHABLE_CODE = YES;
				CLANG_WARN__DUPLICATE_METHOD_MATCH = YES;
				COPY_PHASE_STRIP = NO;
				DEBUG_INFORMATION_FORMAT = dwarf;
				ENABLE_STRICT_OBJC_MSGSEND = YES;
				ENABLE_TESTABILITY = YES;
				GCC_C_LANGUAGE_STANDARD = gnu11;
				GCC_DYNAMIC_NO_PIC = NO;
				GCC_NO_COMMON_BLOCKS = YES;
				GCC_OPTIMIZATION_LEVEL = 0;
				GCC_PREPROCESSOR_DEFINITIONS = (
					"DEBUG=1",
					"$(inherited)",
				);
				GCC_WARN_64_TO_32_BIT_CONVERSION = YES;
				GCC_WARN_ABOUT_RETURN_TYPE = YES_ERROR;
				GCC_WARN_UNDECLARED_SELECTOR = YES;
				GCC_WARN_UNINITIALIZED_AUTOS = YES_AGGRESSIVE;
				GCC_WARN_UNUSED_FUNCTION = YES;
				GCC_WARN_UNUSED_VARIABLE = YES;
				IPHONEOS_DEPLOYMENT_TARGET = 16.4;
				MTL_ENABLE_DEBUG_INFO = INCLUDE_SOURCE;
				MTL_FAST_MATH = YES;
				ONLY_ACTIVE_ARCH = YES;
				SDKROOT = iphoneos;
				SWIFT_ACTIVE_COMPILATION_CONDITIONS = DEBUG;
				SWIFT_OPTIMIZATION_LEVEL = "-Onone";
			};
			name = Debug;
		};
		764FD7142AA49BE100C4ECF1 /* Release */ = {
			isa = XCBuildConfiguration;
			buildSettings = {
				ALWAYS_SEARCH_USER_PATHS = NO;
				CLANG_ANALYZER_NONNULL = YES;
				CLANG_ANALYZER_NUMBER_OBJECT_CONVERSION = YES_AGGRESSIVE;
				CLANG_CXX_LANGUAGE_STANDARD = "gnu++20";
				CLANG_ENABLE_MODULES = YES;
				CLANG_ENABLE_OBJC_ARC = YES;
				CLANG_ENABLE_OBJC_WEAK = YES;
				CLANG_WARN_BLOCK_CAPTURE_AUTORELEASING = YES;
				CLANG_WARN_BOOL_CONVERSION = YES;
				CLANG_WARN_COMMA = YES;
				CLANG_WARN_CONSTANT_CONVERSION = YES;
				CLANG_WARN_DEPRECATED_OBJC_IMPLEMENTATIONS = YES;
				CLANG_WARN_DIRECT_OBJC_ISA_USAGE = YES_ERROR;
				CLANG_WARN_DOCUMENTATION_COMMENTS = YES;
				CLANG_WARN_EMPTY_BODY = YES;
				CLANG_WARN_ENUM_CONVERSION = YES;
				CLANG_WARN_INFINITE_RECURSION = YES;
				CLANG_WARN_INT_CONVERSION = YES;
				CLANG_WARN_NON_LITERAL_NULL_CONVERSION = YES;
				CLANG_WARN_OBJC_IMPLICIT_RETAIN_SELF = YES;
				CLANG_WARN_OBJC_LITERAL_CONVERSION = YES;
				CLANG_WARN_OBJC_ROOT_CLASS = YES_ERROR;
				CLANG_WARN_QUOTED_INCLUDE_IN_FRAMEWORK_HEADER = YES;
				CLANG_WARN_RANGE_LOOP_ANALYSIS = YES;
				CLANG_WARN_STRICT_PROTOTYPES = YES;
				CLANG_WARN_SUSPICIOUS_MOVE = YES;
				CLANG_WARN_UNGUARDED_AVAILABILITY = YES_AGGRESSIVE;
				CLANG_WARN_UNREACHABLE_CODE = YES;
				CLANG_WARN__DUPLICATE_METHOD_MATCH = YES;
				COPY_PHASE_STRIP = NO;
				DEBUG_INFORMATION_FORMAT = "dwarf-with-dsym";
				ENABLE_NS_ASSERTIONS = NO;
				ENABLE_STRICT_OBJC_MSGSEND = YES;
				GCC_C_LANGUAGE_STANDARD = gnu11;
				GCC_NO_COMMON_BLOCKS = YES;
				GCC_WARN_64_TO_32_BIT_CONVERSION = YES;
				GCC_WARN_ABOUT_RETURN_TYPE = YES_ERROR;
				GCC_WARN_UNDECLARED_SELECTOR = YES;
				GCC_WARN_UNINITIALIZED_AUTOS = YES_AGGRESSIVE;
				GCC_WARN_UNUSED_FUNCTION = YES;
				GCC_WARN_UNUSED_VARIABLE = YES;
				IPHONEOS_DEPLOYMENT_TARGET = 16.4;
				MTL_ENABLE_DEBUG_INFO = NO;
				MTL_FAST_MATH = YES;
				SDKROOT = iphoneos;
				SWIFT_COMPILATION_MODE = wholemodule;
				SWIFT_OPTIMIZATION_LEVEL = "-O";
				VALIDATE_PRODUCT = YES;
			};
			name = Release;
		};
		764FD7162AA49BE100C4ECF1 /* Debug */ = {
			isa = XCBuildConfiguration;
			buildSettings = {
				ASSETCATALOG_COMPILER_APPICON_NAME = AppIcon;
				ASSETCATALOG_COMPILER_GLOBAL_ACCENT_COLOR_NAME = AccentColor;
				CODE_SIGN_STYLE = Automatic;
				CURRENT_PROJECT_VERSION = 1;
				DEVELOPMENT_TEAM = 54ZG4WU22U;
				GENERATE_INFOPLIST_FILE = YES;
				INFOPLIST_FILE = GPSPractice/Info.plist;
				INFOPLIST_KEY_NSLocationAlwaysAndWhenInUseUsageDescription = "앱이 사용자의 위치에 접근하도록 허용합니다. 허용하지 않을 경우 위치 관련 서비스를 이용할 수 없습니다.";
				INFOPLIST_KEY_NSLocationWhenInUseUsageDescription = "앱이 사용자의 위치에 접근하도록 허용합니다. 허용하지 않을 경우 위치 관련 서비스를 이용할 수 없습니다.";
				INFOPLIST_KEY_UIApplicationSupportsIndirectInputEvents = YES;
				INFOPLIST_KEY_UILaunchStoryboardName = LaunchScreen;
				INFOPLIST_KEY_UIMainStoryboardFile = Main;
				INFOPLIST_KEY_UISupportedInterfaceOrientations_iPad = "UIInterfaceOrientationPortrait UIInterfaceOrientationPortraitUpsideDown UIInterfaceOrientationLandscapeLeft UIInterfaceOrientationLandscapeRight";
				INFOPLIST_KEY_UISupportedInterfaceOrientations_iPhone = "UIInterfaceOrientationPortrait UIInterfaceOrientationLandscapeLeft UIInterfaceOrientationLandscapeRight";
				LD_RUNPATH_SEARCH_PATHS = (
					"$(inherited)",
					"@executable_path/Frameworks",
				);
				MARKETING_VERSION = 1.0;
				PRODUCT_BUNDLE_IDENTIFIER = com.codeduck.GPSPractice;
				PRODUCT_NAME = "$(TARGET_NAME)";
				SWIFT_EMIT_LOC_STRINGS = YES;
				SWIFT_VERSION = 5.0;
				TARGETED_DEVICE_FAMILY = "1,2";
			};
			name = Debug;
		};
		764FD7172AA49BE100C4ECF1 /* Release */ = {
			isa = XCBuildConfiguration;
			buildSettings = {
				ASSETCATALOG_COMPILER_APPICON_NAME = AppIcon;
				ASSETCATALOG_COMPILER_GLOBAL_ACCENT_COLOR_NAME = AccentColor;
				CODE_SIGN_STYLE = Automatic;
				CURRENT_PROJECT_VERSION = 1;
				DEVELOPMENT_TEAM = 54ZG4WU22U;
				GENERATE_INFOPLIST_FILE = YES;
				INFOPLIST_FILE = GPSPractice/Info.plist;
				INFOPLIST_KEY_NSLocationAlwaysAndWhenInUseUsageDescription = "앱이 사용자의 위치에 접근하도록 허용합니다. 허용하지 않을 경우 위치 관련 서비스를 이용할 수 없습니다.";
				INFOPLIST_KEY_NSLocationWhenInUseUsageDescription = "앱이 사용자의 위치에 접근하도록 허용합니다. 허용하지 않을 경우 위치 관련 서비스를 이용할 수 없습니다.";
				INFOPLIST_KEY_UIApplicationSupportsIndirectInputEvents = YES;
				INFOPLIST_KEY_UILaunchStoryboardName = LaunchScreen;
				INFOPLIST_KEY_UIMainStoryboardFile = Main;
				INFOPLIST_KEY_UISupportedInterfaceOrientations_iPad = "UIInterfaceOrientationPortrait UIInterfaceOrientationPortraitUpsideDown UIInterfaceOrientationLandscapeLeft UIInterfaceOrientationLandscapeRight";
				INFOPLIST_KEY_UISupportedInterfaceOrientations_iPhone = "UIInterfaceOrientationPortrait UIInterfaceOrientationLandscapeLeft UIInterfaceOrientationLandscapeRight";
				LD_RUNPATH_SEARCH_PATHS = (
					"$(inherited)",
					"@executable_path/Frameworks",
				);
				MARKETING_VERSION = 1.0;
				PRODUCT_BUNDLE_IDENTIFIER = com.codeduck.GPSPractice;
				PRODUCT_NAME = "$(TARGET_NAME)";
				SWIFT_EMIT_LOC_STRINGS = YES;
				SWIFT_VERSION = 5.0;
				TARGETED_DEVICE_FAMILY = "1,2";
			};
			name = Release;
		};
/* End XCBuildConfiguration section */

/* Begin XCConfigurationList section */
		764FD6FC2AA49BE000C4ECF1 /* Build configuration list for PBXProject "GPSPractice" */ = {
			isa = XCConfigurationList;
			buildConfigurations = (
				764FD7132AA49BE100C4ECF1 /* Debug */,
				764FD7142AA49BE100C4ECF1 /* Release */,
			);
			defaultConfigurationIsVisible = 0;
			defaultConfigurationName = Release;
		};
		764FD7152AA49BE100C4ECF1 /* Build configuration list for PBXNativeTarget "GPSPractice" */ = {
			isa = XCConfigurationList;
			buildConfigurations = (
				764FD7162AA49BE100C4ECF1 /* Debug */,
				764FD7172AA49BE100C4ECF1 /* Release */,
			);
			defaultConfigurationIsVisible = 0;
			defaultConfigurationName = Release;
		};
/* End XCConfigurationList section */

/* Begin XCRemoteSwiftPackageReference section */
		764FD7182AA4A48500C4ECF1 /* XCRemoteSwiftPackageReference "realm-swift" */ = {
			isa = XCRemoteSwiftPackageReference;
			repositoryURL = "https://github.com/realm/realm-swift";
			requirement = {
				branch = master;
				kind = branch;
			};
		};
/* End XCRemoteSwiftPackageReference section */

/* Begin XCSwiftPackageProductDependency section */
		764FD7192AA4A48500C4ECF1 /* Realm */ = {
			isa = XCSwiftPackageProductDependency;
			package = 764FD7182AA4A48500C4ECF1 /* XCRemoteSwiftPackageReference "realm-swift" */;
			productName = Realm;
		};
		764FD71B2AA4A48500C4ECF1 /* RealmSwift */ = {
			isa = XCSwiftPackageProductDependency;
			package = 764FD7182AA4A48500C4ECF1 /* XCRemoteSwiftPackageReference "realm-swift" */;
			productName = RealmSwift;
		};
/* End XCSwiftPackageProductDependency section */
	};
	rootObject = 764FD6F92AA49BE000C4ECF1 /* Project object */;
}
