// !$*UTF8*$!
{
	archiveVersion = 1;
	classes = {
	};
	objectVersion = 56;
	objects = {

/* Begin PBXBuildFile section */
		7603AFA82AB2F219007A027C /* StatisticsDetail.storyboard in Resources */ = {isa = PBXBuildFile; fileRef = 7603AFA72AB2F219007A027C /* StatisticsDetail.storyboard */; };
		7603AFAA2AB2F22C007A027C /* StatisticsDetailViewController.swift in Sources */ = {isa = PBXBuildFile; fileRef = 7603AFA92AB2F22C007A027C /* StatisticsDetailViewController.swift */; };
		7603AFAC2AB303D6007A027C /* DateFormatters.swift in Sources */ = {isa = PBXBuildFile; fileRef = 7603AFAB2AB303D6007A027C /* DateFormatters.swift */; };
		7603AFBA2AB328E2007A027C /* SavedResult+CoreDataClass.swift in Sources */ = {isa = PBXBuildFile; fileRef = 7603AFB92AB328E2007A027C /* SavedResult+CoreDataClass.swift */; };
		7603AFBC2AB83ACD007A027C /* StatisticsDetailViewModel.swift in Sources */ = {isa = PBXBuildFile; fileRef = 7603AFBB2AB83ACD007A027C /* StatisticsDetailViewModel.swift */; };
		7603AFBE2AB849BB007A027C /* SpeedometerResultCompletionViewModel.swift in Sources */ = {isa = PBXBuildFile; fileRef = 7603AFBD2AB849BB007A027C /* SpeedometerResultCompletionViewModel.swift */; };
		7603AFC02AB86E97007A027C /* MainTabBarController.swift in Sources */ = {isa = PBXBuildFile; fileRef = 7603AFBF2AB86E97007A027C /* MainTabBarController.swift */; };
		7603AFC22AB86F7E007A027C /* MainTabBarViewModel.swift in Sources */ = {isa = PBXBuildFile; fileRef = 7603AFC12AB86F7E007A027C /* MainTabBarViewModel.swift */; };
		7603AFC42AB87FD1007A027C /* HomeViewModel.swift in Sources */ = {isa = PBXBuildFile; fileRef = 7603AFC32AB87FD1007A027C /* HomeViewModel.swift */; };
		7609EB632AB0930B00279A4E /* Statistics.storyboard in Resources */ = {isa = PBXBuildFile; fileRef = 7609EB622AB0930B00279A4E /* Statistics.storyboard */; };
		760CA47C2AA9FD7A00E1E183 /* SpeedometerViewController.swift in Sources */ = {isa = PBXBuildFile; fileRef = 760CA47B2AA9FD7A00E1E183 /* SpeedometerViewController.swift */; };
		760CA4822AAA012900E1E183 /* StatisticsViewController.swift in Sources */ = {isa = PBXBuildFile; fileRef = 760CA4812AAA012900E1E183 /* StatisticsViewController.swift */; };
		760CA4842AAA014100E1E183 /* SettingViewController.swift in Sources */ = {isa = PBXBuildFile; fileRef = 760CA4832AAA014100E1E183 /* SettingViewController.swift */; };
		760CA4862AAA015D00E1E183 /* HomeViewController.swift in Sources */ = {isa = PBXBuildFile; fileRef = 760CA4852AAA015D00E1E183 /* HomeViewController.swift */; };
		760CA4882AAA081700E1E183 /* SpeedometerViewModel.swift in Sources */ = {isa = PBXBuildFile; fileRef = 760CA4872AAA081700E1E183 /* SpeedometerViewModel.swift */; };
		764FD7052AA49BE000C4ECF1 /* AppDelegate.swift in Sources */ = {isa = PBXBuildFile; fileRef = 764FD7042AA49BE000C4ECF1 /* AppDelegate.swift */; };
		764FD7072AA49BE000C4ECF1 /* SceneDelegate.swift in Sources */ = {isa = PBXBuildFile; fileRef = 764FD7062AA49BE000C4ECF1 /* SceneDelegate.swift */; };
		764FD7092AA49BE000C4ECF1 /* TestViewController.swift in Sources */ = {isa = PBXBuildFile; fileRef = 764FD7082AA49BE000C4ECF1 /* TestViewController.swift */; };
		764FD70E2AA49BE100C4ECF1 /* Assets.xcassets in Resources */ = {isa = PBXBuildFile; fileRef = 764FD70D2AA49BE100C4ECF1 /* Assets.xcassets */; };
		764FD7112AA49BE100C4ECF1 /* LaunchScreen.storyboard in Resources */ = {isa = PBXBuildFile; fileRef = 764FD70F2AA49BE100C4ECF1 /* LaunchScreen.storyboard */; };
		7691B48B2AB185AD00454E6A /* CustomRoundButton.swift in Sources */ = {isa = PBXBuildFile; fileRef = 7691B48A2AB185AD00454E6A /* CustomRoundButton.swift */; };
		7691B48D2AB1ABB200454E6A /* CoreDataManager.swift in Sources */ = {isa = PBXBuildFile; fileRef = 7691B48C2AB1ABB200454E6A /* CoreDataManager.swift */; };
		7691B4992AB206E500454E6A /* StatisticsViewModel.swift in Sources */ = {isa = PBXBuildFile; fileRef = 7691B4982AB206E500454E6A /* StatisticsViewModel.swift */; };
		7693D43E2AAD98A8005E14E0 /* Test.storyboard in Resources */ = {isa = PBXBuildFile; fileRef = 7693D43D2AAD98A8005E14E0 /* Test.storyboard */; };
		7693D4412AAD99A4005E14E0 /* Home.storyboard in Resources */ = {isa = PBXBuildFile; fileRef = 7693D4402AAD99A4005E14E0 /* Home.storyboard */; };
		7693D4432AAD9C34005E14E0 /* MapSnapshotAdjustmentView.storyboard in Resources */ = {isa = PBXBuildFile; fileRef = 7693D4422AAD9C34005E14E0 /* MapSnapshotAdjustmentView.storyboard */; };
		7693D4452AAD9C52005E14E0 /* MapSnapshotAdjustmentViewController.swift in Sources */ = {isa = PBXBuildFile; fileRef = 7693D4442AAD9C52005E14E0 /* MapSnapshotAdjustmentViewController.swift */; };
		7693D4472AAD9E86005E14E0 /* SpeedometerResultCompletion.storyboard in Resources */ = {isa = PBXBuildFile; fileRef = 7693D4462AAD9E86005E14E0 /* SpeedometerResultCompletion.storyboard */; };
		7693D4492AAD9E90005E14E0 /* SpeedometerResultCompletionViewController.swift in Sources */ = {isa = PBXBuildFile; fileRef = 7693D4482AAD9E90005E14E0 /* SpeedometerResultCompletionViewController.swift */; };
		76DC3A692AA9DD8C00066052 /* CustomAnnotation.swift in Sources */ = {isa = PBXBuildFile; fileRef = 76DC3A682AA9DD8C00066052 /* CustomAnnotation.swift */; };
		76DC3A6D2AA9EF9400066052 /* Main.storyboard in Resources */ = {isa = PBXBuildFile; fileRef = 76DC3A6C2AA9EF9400066052 /* Main.storyboard */; };
		76DC3A6F2AA9FBE400066052 /* Speedometer.storyboard in Resources */ = {isa = PBXBuildFile; fileRef = 76DC3A6E2AA9FBE400066052 /* Speedometer.storyboard */; };
		76DC9E672AB06C5A002D2A87 /* StatisticsRowCell.swift in Sources */ = {isa = PBXBuildFile; fileRef = 76DC9E662AB06C5A002D2A87 /* StatisticsRowCell.swift */; };
		76DC9E6A2AB075B3002D2A87 /* ResultContainer.xcdatamodeld in Sources */ = {isa = PBXBuildFile; fileRef = 76DC9E682AB075B3002D2A87 /* ResultContainer.xcdatamodeld */; };
		76DED9D02AADA41100C7660C /* SpeedometerNavigationController.swift in Sources */ = {isa = PBXBuildFile; fileRef = 76DED9CF2AADA41100C7660C /* SpeedometerNavigationController.swift */; };
		76E9E30B2AA76E400072FA48 /* TempResult.storyboard in Resources */ = {isa = PBXBuildFile; fileRef = 76E9E30A2AA76E400072FA48 /* TempResult.storyboard */; };
		76E9E30D2AA76EF00072FA48 /* TempResultViewController.swift in Sources */ = {isa = PBXBuildFile; fileRef = 76E9E30C2AA76EF00072FA48 /* TempResultViewController.swift */; };
		76E9E30F2AA862300072FA48 /* LocationPublisher.swift in Sources */ = {isa = PBXBuildFile; fileRef = 76E9E30E2AA862300072FA48 /* LocationPublisher.swift */; };
		76E9E3112AA87F620072FA48 /* Stopwatch.swift in Sources */ = {isa = PBXBuildFile; fileRef = 76E9E3102AA87F620072FA48 /* Stopwatch.swift */; };
		76E9E3132AA8C77F0072FA48 /* UIColor + hex.swift in Sources */ = {isa = PBXBuildFile; fileRef = 76E9E3122AA8C77F0072FA48 /* UIColor + hex.swift */; };
		76E9E3152AA8D0F50072FA48 /* UIColor + interpolate.swift in Sources */ = {isa = PBXBuildFile; fileRef = 76E9E3142AA8D0F50072FA48 /* UIColor + interpolate.swift */; };
/* End PBXBuildFile section */

/* Begin PBXFileReference section */
		7603AFA72AB2F219007A027C /* StatisticsDetail.storyboard */ = {isa = PBXFileReference; lastKnownFileType = file.storyboard; path = StatisticsDetail.storyboard; sourceTree = "<group>"; };
		7603AFA92AB2F22C007A027C /* StatisticsDetailViewController.swift */ = {isa = PBXFileReference; lastKnownFileType = sourcecode.swift; path = StatisticsDetailViewController.swift; sourceTree = "<group>"; };
		7603AFAB2AB303D6007A027C /* DateFormatters.swift */ = {isa = PBXFileReference; lastKnownFileType = sourcecode.swift; path = DateFormatters.swift; sourceTree = "<group>"; };
		7603AFB92AB328E2007A027C /* SavedResult+CoreDataClass.swift */ = {isa = PBXFileReference; lastKnownFileType = sourcecode.swift; path = "SavedResult+CoreDataClass.swift"; sourceTree = "<group>"; };
		7603AFBB2AB83ACD007A027C /* StatisticsDetailViewModel.swift */ = {isa = PBXFileReference; lastKnownFileType = sourcecode.swift; path = StatisticsDetailViewModel.swift; sourceTree = "<group>"; };
		7603AFBD2AB849BB007A027C /* SpeedometerResultCompletionViewModel.swift */ = {isa = PBXFileReference; lastKnownFileType = sourcecode.swift; path = SpeedometerResultCompletionViewModel.swift; sourceTree = "<group>"; };
		7603AFBF2AB86E97007A027C /* MainTabBarController.swift */ = {isa = PBXFileReference; lastKnownFileType = sourcecode.swift; path = MainTabBarController.swift; sourceTree = "<group>"; };
		7603AFC12AB86F7E007A027C /* MainTabBarViewModel.swift */ = {isa = PBXFileReference; lastKnownFileType = sourcecode.swift; path = MainTabBarViewModel.swift; sourceTree = "<group>"; };
		7603AFC32AB87FD1007A027C /* HomeViewModel.swift */ = {isa = PBXFileReference; lastKnownFileType = sourcecode.swift; path = HomeViewModel.swift; sourceTree = "<group>"; };
		7609EB622AB0930B00279A4E /* Statistics.storyboard */ = {isa = PBXFileReference; fileEncoding = 4; lastKnownFileType = file.storyboard; name = Statistics.storyboard; path = Speedometer/Views/Statistics.storyboard; sourceTree = SOURCE_ROOT; };
		760CA47B2AA9FD7A00E1E183 /* SpeedometerViewController.swift */ = {isa = PBXFileReference; lastKnownFileType = sourcecode.swift; path = SpeedometerViewController.swift; sourceTree = "<group>"; };
		760CA4812AAA012900E1E183 /* StatisticsViewController.swift */ = {isa = PBXFileReference; lastKnownFileType = sourcecode.swift; path = StatisticsViewController.swift; sourceTree = "<group>"; };
		760CA4832AAA014100E1E183 /* SettingViewController.swift */ = {isa = PBXFileReference; lastKnownFileType = sourcecode.swift; path = SettingViewController.swift; sourceTree = "<group>"; };
		760CA4852AAA015D00E1E183 /* HomeViewController.swift */ = {isa = PBXFileReference; lastKnownFileType = sourcecode.swift; path = HomeViewController.swift; sourceTree = "<group>"; };
		760CA4872AAA081700E1E183 /* SpeedometerViewModel.swift */ = {isa = PBXFileReference; lastKnownFileType = sourcecode.swift; path = SpeedometerViewModel.swift; sourceTree = "<group>"; };
		764FD7012AA49BE000C4ECF1 /* Speedometer.app */ = {isa = PBXFileReference; explicitFileType = wrapper.application; includeInIndex = 0; path = Speedometer.app; sourceTree = BUILT_PRODUCTS_DIR; };
		764FD7042AA49BE000C4ECF1 /* AppDelegate.swift */ = {isa = PBXFileReference; lastKnownFileType = sourcecode.swift; path = AppDelegate.swift; sourceTree = "<group>"; };
		764FD7062AA49BE000C4ECF1 /* SceneDelegate.swift */ = {isa = PBXFileReference; lastKnownFileType = sourcecode.swift; path = SceneDelegate.swift; sourceTree = "<group>"; };
		764FD7082AA49BE000C4ECF1 /* TestViewController.swift */ = {isa = PBXFileReference; lastKnownFileType = sourcecode.swift; path = TestViewController.swift; sourceTree = "<group>"; };
		764FD70D2AA49BE100C4ECF1 /* Assets.xcassets */ = {isa = PBXFileReference; lastKnownFileType = folder.assetcatalog; path = Assets.xcassets; sourceTree = "<group>"; };
		764FD7102AA49BE100C4ECF1 /* Base */ = {isa = PBXFileReference; lastKnownFileType = file.storyboard; name = Base; path = Base.lproj/LaunchScreen.storyboard; sourceTree = "<group>"; };
		764FD7122AA49BE100C4ECF1 /* Info.plist */ = {isa = PBXFileReference; lastKnownFileType = text.plist.xml; path = Info.plist; sourceTree = "<group>"; };
		7691B48A2AB185AD00454E6A /* CustomRoundButton.swift */ = {isa = PBXFileReference; lastKnownFileType = sourcecode.swift; path = CustomRoundButton.swift; sourceTree = "<group>"; };
		7691B48C2AB1ABB200454E6A /* CoreDataManager.swift */ = {isa = PBXFileReference; lastKnownFileType = sourcecode.swift; path = CoreDataManager.swift; sourceTree = "<group>"; };
		7691B4982AB206E500454E6A /* StatisticsViewModel.swift */ = {isa = PBXFileReference; lastKnownFileType = sourcecode.swift; path = StatisticsViewModel.swift; sourceTree = "<group>"; };
		7693D43D2AAD98A8005E14E0 /* Test.storyboard */ = {isa = PBXFileReference; fileEncoding = 4; lastKnownFileType = file.storyboard; path = Test.storyboard; sourceTree = "<group>"; };
		7693D4402AAD99A4005E14E0 /* Home.storyboard */ = {isa = PBXFileReference; fileEncoding = 4; lastKnownFileType = file.storyboard; path = Home.storyboard; sourceTree = "<group>"; };
		7693D4422AAD9C34005E14E0 /* MapSnapshotAdjustmentView.storyboard */ = {isa = PBXFileReference; lastKnownFileType = file.storyboard; path = MapSnapshotAdjustmentView.storyboard; sourceTree = "<group>"; };
		7693D4442AAD9C52005E14E0 /* MapSnapshotAdjustmentViewController.swift */ = {isa = PBXFileReference; lastKnownFileType = sourcecode.swift; path = MapSnapshotAdjustmentViewController.swift; sourceTree = "<group>"; };
		7693D4462AAD9E86005E14E0 /* SpeedometerResultCompletion.storyboard */ = {isa = PBXFileReference; lastKnownFileType = file.storyboard; path = SpeedometerResultCompletion.storyboard; sourceTree = "<group>"; };
		7693D4482AAD9E90005E14E0 /* SpeedometerResultCompletionViewController.swift */ = {isa = PBXFileReference; lastKnownFileType = sourcecode.swift; path = SpeedometerResultCompletionViewController.swift; sourceTree = "<group>"; };
		76DC3A682AA9DD8C00066052 /* CustomAnnotation.swift */ = {isa = PBXFileReference; lastKnownFileType = sourcecode.swift; path = CustomAnnotation.swift; sourceTree = "<group>"; };
		76DC3A6C2AA9EF9400066052 /* Main.storyboard */ = {isa = PBXFileReference; lastKnownFileType = file.storyboard; path = Main.storyboard; sourceTree = "<group>"; };
		76DC3A6E2AA9FBE400066052 /* Speedometer.storyboard */ = {isa = PBXFileReference; fileEncoding = 4; lastKnownFileType = file.storyboard; path = Speedometer.storyboard; sourceTree = "<group>"; };
		76DC9E662AB06C5A002D2A87 /* StatisticsRowCell.swift */ = {isa = PBXFileReference; lastKnownFileType = sourcecode.swift; path = StatisticsRowCell.swift; sourceTree = "<group>"; };
		76DC9E692AB075B3002D2A87 /* SpeedometerResultContainer.xcdatamodel */ = {isa = PBXFileReference; lastKnownFileType = wrapper.xcdatamodel; path = SpeedometerResultContainer.xcdatamodel; sourceTree = "<group>"; };
		76DED9CF2AADA41100C7660C /* SpeedometerNavigationController.swift */ = {isa = PBXFileReference; lastKnownFileType = sourcecode.swift; path = SpeedometerNavigationController.swift; sourceTree = "<group>"; };
		76E9E30A2AA76E400072FA48 /* TempResult.storyboard */ = {isa = PBXFileReference; lastKnownFileType = file.storyboard; path = TempResult.storyboard; sourceTree = "<group>"; };
		76E9E30C2AA76EF00072FA48 /* TempResultViewController.swift */ = {isa = PBXFileReference; lastKnownFileType = sourcecode.swift; path = TempResultViewController.swift; sourceTree = "<group>"; };
		76E9E30E2AA862300072FA48 /* LocationPublisher.swift */ = {isa = PBXFileReference; lastKnownFileType = sourcecode.swift; path = LocationPublisher.swift; sourceTree = "<group>"; };
		76E9E3102AA87F620072FA48 /* Stopwatch.swift */ = {isa = PBXFileReference; lastKnownFileType = sourcecode.swift; path = Stopwatch.swift; sourceTree = "<group>"; };
		76E9E3122AA8C77F0072FA48 /* UIColor + hex.swift */ = {isa = PBXFileReference; lastKnownFileType = sourcecode.swift; path = "UIColor + hex.swift"; sourceTree = "<group>"; };
		76E9E3142AA8D0F50072FA48 /* UIColor + interpolate.swift */ = {isa = PBXFileReference; lastKnownFileType = sourcecode.swift; path = "UIColor + interpolate.swift"; sourceTree = "<group>"; };
/* End PBXFileReference section */

/* Begin PBXFrameworksBuildPhase section */
		764FD6FE2AA49BE000C4ECF1 /* Frameworks */ = {
			isa = PBXFrameworksBuildPhase;
			buildActionMask = 2147483647;
			files = (
			);
			runOnlyForDeploymentPostprocessing = 0;
		};
/* End PBXFrameworksBuildPhase section */

/* Begin PBXGroup section */
		764FD6F82AA49BE000C4ECF1 = {
			isa = PBXGroup;
			children = (
				764FD7032AA49BE000C4ECF1 /* Speedometer */,
				764FD7022AA49BE000C4ECF1 /* Products */,
			);
			sourceTree = "<group>";
		};
		764FD7022AA49BE000C4ECF1 /* Products */ = {
			isa = PBXGroup;
			children = (
				764FD7012AA49BE000C4ECF1 /* Speedometer.app */,
			);
			name = Products;
			sourceTree = "<group>";
		};
		764FD7032AA49BE000C4ECF1 /* Speedometer */ = {
			isa = PBXGroup;
			children = (
				764FD7042AA49BE000C4ECF1 /* AppDelegate.swift */,
				764FD7062AA49BE000C4ECF1 /* SceneDelegate.swift */,
				7691B4972AB1B1E500454E6A /* Custom */,
				76E9E3182AA8D2900072FA48 /* Models */,
				76E9E3162AA8D2820072FA48 /* ViewModels */,
				76E9E3172AA8D28A0072FA48 /* Views */,
				7691B4962AB1B1CD00454E6A /* Helpers */,
				76E9E31A2AA8D3270072FA48 /* Utilities */,
				76E9E3192AA8D2B10072FA48 /* Extensions */,
				764FD70D2AA49BE100C4ECF1 /* Assets.xcassets */,
				764FD70F2AA49BE100C4ECF1 /* LaunchScreen.storyboard */,
				764FD7122AA49BE100C4ECF1 /* Info.plist */,
			);
			path = Speedometer;
			sourceTree = "<group>";
		};
		7691B4962AB1B1CD00454E6A /* Helpers */ = {
			isa = PBXGroup;
			children = (
				76E9E31B2AA8D3710072FA48 /* Manager */,
			);
			path = Helpers;
			sourceTree = "<group>";
		};
		7691B4972AB1B1E500454E6A /* Custom */ = {
			isa = PBXGroup;
			children = (
				76DC3A682AA9DD8C00066052 /* CustomAnnotation.swift */,
				7691B48A2AB185AD00454E6A /* CustomRoundButton.swift */,
			);
			path = Custom;
			sourceTree = "<group>";
		};
		7693D43F2AAD9938005E14E0 /* Test */ = {
			isa = PBXGroup;
			children = (
				764FD7082AA49BE000C4ECF1 /* TestViewController.swift */,
				76E9E30A2AA76E400072FA48 /* TempResult.storyboard */,
				76E9E30C2AA76EF00072FA48 /* TempResultViewController.swift */,
				7693D43D2AAD98A8005E14E0 /* Test.storyboard */,
			);
			path = Test;
			sourceTree = "<group>";
		};
		7693D44A2AADA2DD005E14E0 /* Home */ = {
			isa = PBXGroup;
			children = (
				7693D4402AAD99A4005E14E0 /* Home.storyboard */,
				760CA4852AAA015D00E1E183 /* HomeViewController.swift */,
				7603AFC32AB87FD1007A027C /* HomeViewModel.swift */,
			);
			path = Home;
			sourceTree = "<group>";
		};
		7693D44B2AADA2E3005E14E0 /* Statistics */ = {
			isa = PBXGroup;
			children = (
				7609EB622AB0930B00279A4E /* Statistics.storyboard */,
				760CA4812AAA012900E1E183 /* StatisticsViewController.swift */,
				76DC9E662AB06C5A002D2A87 /* StatisticsRowCell.swift */,
				7603AFA72AB2F219007A027C /* StatisticsDetail.storyboard */,
				7603AFA92AB2F22C007A027C /* StatisticsDetailViewController.swift */,
			);
			path = Statistics;
			sourceTree = "<group>";
		};
		7693D44C2AADA2EC005E14E0 /* Setting */ = {
			isa = PBXGroup;
			children = (
				760CA4832AAA014100E1E183 /* SettingViewController.swift */,
			);
			path = Setting;
			sourceTree = "<group>";
		};
		7693D44D2AADA32B005E14E0 /* Speedometer */ = {
			isa = PBXGroup;
			children = (
				76DED9CF2AADA41100C7660C /* SpeedometerNavigationController.swift */,
				76DC3A6E2AA9FBE400066052 /* Speedometer.storyboard */,
				760CA47B2AA9FD7A00E1E183 /* SpeedometerViewController.swift */,
				7693D4462AAD9E86005E14E0 /* SpeedometerResultCompletion.storyboard */,
				7693D4482AAD9E90005E14E0 /* SpeedometerResultCompletionViewController.swift */,
			);
			path = Speedometer;
			sourceTree = "<group>";
		};
		7693D44E2AADA357005E14E0 /* Will */ = {
			isa = PBXGroup;
			children = (
				7693D4422AAD9C34005E14E0 /* MapSnapshotAdjustmentView.storyboard */,
				7693D4442AAD9C52005E14E0 /* MapSnapshotAdjustmentViewController.swift */,
			);
			path = Will;
			sourceTree = "<group>";
		};
		76E9E3162AA8D2820072FA48 /* ViewModels */ = {
			isa = PBXGroup;
			children = (
				7603AFC12AB86F7E007A027C /* MainTabBarViewModel.swift */,
				760CA4872AAA081700E1E183 /* SpeedometerViewModel.swift */,
				7603AFBD2AB849BB007A027C /* SpeedometerResultCompletionViewModel.swift */,
				7691B4982AB206E500454E6A /* StatisticsViewModel.swift */,
				7603AFBB2AB83ACD007A027C /* StatisticsDetailViewModel.swift */,
			);
			path = ViewModels;
			sourceTree = "<group>";
		};
		76E9E3172AA8D28A0072FA48 /* Views */ = {
			isa = PBXGroup;
			children = (
				76DC3A6C2AA9EF9400066052 /* Main.storyboard */,
				7603AFBF2AB86E97007A027C /* MainTabBarController.swift */,
				7693D44A2AADA2DD005E14E0 /* Home */,
				7693D44D2AADA32B005E14E0 /* Speedometer */,
				7693D44B2AADA2E3005E14E0 /* Statistics */,
				7693D44C2AADA2EC005E14E0 /* Setting */,
				7693D43F2AAD9938005E14E0 /* Test */,
				7693D44E2AADA357005E14E0 /* Will */,
			);
			path = Views;
			sourceTree = "<group>";
		};
		76E9E3182AA8D2900072FA48 /* Models */ = {
			isa = PBXGroup;
			children = (
				76DC9E682AB075B3002D2A87 /* ResultContainer.xcdatamodeld */,
				7603AFB92AB328E2007A027C /* SavedResult+CoreDataClass.swift */,
			);
			path = Models;
			sourceTree = "<group>";
		};
		76E9E3192AA8D2B10072FA48 /* Extensions */ = {
			isa = PBXGroup;
			children = (
				76E9E3122AA8C77F0072FA48 /* UIColor + hex.swift */,
				76E9E3142AA8D0F50072FA48 /* UIColor + interpolate.swift */,
			);
			path = Extensions;
			sourceTree = "<group>";
		};
		76E9E31A2AA8D3270072FA48 /* Utilities */ = {
			isa = PBXGroup;
			children = (
				76E9E3102AA87F620072FA48 /* Stopwatch.swift */,
				7603AFAB2AB303D6007A027C /* DateFormatters.swift */,
			);
			path = Utilities;
			sourceTree = "<group>";
		};
		76E9E31B2AA8D3710072FA48 /* Manager */ = {
			isa = PBXGroup;
			children = (
				7691B48C2AB1ABB200454E6A /* CoreDataManager.swift */,
				76E9E30E2AA862300072FA48 /* LocationPublisher.swift */,
			);
			path = Manager;
			sourceTree = "<group>";
		};
/* End PBXGroup section */

/* Begin PBXNativeTarget section */
		764FD7002AA49BE000C4ECF1 /* Speedometer */ = {
			isa = PBXNativeTarget;
			buildConfigurationList = 764FD7152AA49BE100C4ECF1 /* Build configuration list for PBXNativeTarget "Speedometer" */;
			buildPhases = (
				764FD6FD2AA49BE000C4ECF1 /* Sources */,
				764FD6FE2AA49BE000C4ECF1 /* Frameworks */,
				764FD6FF2AA49BE000C4ECF1 /* Resources */,
			);
			buildRules = (
			);
			dependencies = (
			);
			name = Speedometer;
			packageProductDependencies = (
			);
			productName = GPSPractice;
			productReference = 764FD7012AA49BE000C4ECF1 /* Speedometer.app */;
			productType = "com.apple.product-type.application";
		};
/* End PBXNativeTarget section */

/* Begin PBXProject section */
		764FD6F92AA49BE000C4ECF1 /* Project object */ = {
			isa = PBXProject;
			attributes = {
				BuildIndependentTargetsInParallel = 1;
				LastSwiftUpdateCheck = 1430;
				LastUpgradeCheck = 1430;
				TargetAttributes = {
					764FD7002AA49BE000C4ECF1 = {
						CreatedOnToolsVersion = 14.3.1;
					};
				};
			};
			buildConfigurationList = 764FD6FC2AA49BE000C4ECF1 /* Build configuration list for PBXProject "Speedometer" */;
			compatibilityVersion = "Xcode 14.0";
			developmentRegion = en;
			hasScannedForEncodings = 0;
			knownRegions = (
				en,
				Base,
			);
			mainGroup = 764FD6F82AA49BE000C4ECF1;
			packageReferences = (
			);
			productRefGroup = 764FD7022AA49BE000C4ECF1 /* Products */;
			projectDirPath = "";
			projectRoot = "";
			targets = (
				764FD7002AA49BE000C4ECF1 /* Speedometer */,
			);
		};
/* End PBXProject section */

/* Begin PBXResourcesBuildPhase section */
		764FD6FF2AA49BE000C4ECF1 /* Resources */ = {
			isa = PBXResourcesBuildPhase;
			buildActionMask = 2147483647;
			files = (
				7693D4412AAD99A4005E14E0 /* Home.storyboard in Resources */,
				7603AFA82AB2F219007A027C /* StatisticsDetail.storyboard in Resources */,
				764FD7112AA49BE100C4ECF1 /* LaunchScreen.storyboard in Resources */,
				7609EB632AB0930B00279A4E /* Statistics.storyboard in Resources */,
				76DC3A6D2AA9EF9400066052 /* Main.storyboard in Resources */,
				7693D4472AAD9E86005E14E0 /* SpeedometerResultCompletion.storyboard in Resources */,
				7693D4432AAD9C34005E14E0 /* MapSnapshotAdjustmentView.storyboard in Resources */,
				764FD70E2AA49BE100C4ECF1 /* Assets.xcassets in Resources */,
				76DC3A6F2AA9FBE400066052 /* Speedometer.storyboard in Resources */,
				7693D43E2AAD98A8005E14E0 /* Test.storyboard in Resources */,
				76E9E30B2AA76E400072FA48 /* TempResult.storyboard in Resources */,
			);
			runOnlyForDeploymentPostprocessing = 0;
		};
/* End PBXResourcesBuildPhase section */

/* Begin PBXSourcesBuildPhase section */
		764FD6FD2AA49BE000C4ECF1 /* Sources */ = {
			isa = PBXSourcesBuildPhase;
			buildActionMask = 2147483647;
			files = (
				7603AFC02AB86E97007A027C /* MainTabBarController.swift in Sources */,
				7603AFBC2AB83ACD007A027C /* StatisticsDetailViewModel.swift in Sources */,
				7693D4452AAD9C52005E14E0 /* MapSnapshotAdjustmentViewController.swift in Sources */,
				764FD7092AA49BE000C4ECF1 /* TestViewController.swift in Sources */,
				7603AFAA2AB2F22C007A027C /* StatisticsDetailViewController.swift in Sources */,
				76DC9E6A2AB075B3002D2A87 /* ResultContainer.xcdatamodeld in Sources */,
				7693D4492AAD9E90005E14E0 /* SpeedometerResultCompletionViewController.swift in Sources */,
				76DC3A692AA9DD8C00066052 /* CustomAnnotation.swift in Sources */,
				7691B48B2AB185AD00454E6A /* CustomRoundButton.swift in Sources */,
				76E9E3112AA87F620072FA48 /* Stopwatch.swift in Sources */,
				764FD7052AA49BE000C4ECF1 /* AppDelegate.swift in Sources */,
				760CA4862AAA015D00E1E183 /* HomeViewController.swift in Sources */,
				760CA4882AAA081700E1E183 /* SpeedometerViewModel.swift in Sources */,
				760CA4842AAA014100E1E183 /* SettingViewController.swift in Sources */,
				7691B4992AB206E500454E6A /* StatisticsViewModel.swift in Sources */,
				7603AFC22AB86F7E007A027C /* MainTabBarViewModel.swift in Sources */,
				76E9E30F2AA862300072FA48 /* LocationPublisher.swift in Sources */,
				76E9E3132AA8C77F0072FA48 /* UIColor + hex.swift in Sources */,
				7603AFBA2AB328E2007A027C /* SavedResult+CoreDataClass.swift in Sources */,
				76DED9D02AADA41100C7660C /* SpeedometerNavigationController.swift in Sources */,
				7603AFAC2AB303D6007A027C /* DateFormatters.swift in Sources */,
				76E9E3152AA8D0F50072FA48 /* UIColor + interpolate.swift in Sources */,
				76DC9E672AB06C5A002D2A87 /* StatisticsRowCell.swift in Sources */,
				764FD7072AA49BE000C4ECF1 /* SceneDelegate.swift in Sources */,
				760CA47C2AA9FD7A00E1E183 /* SpeedometerViewController.swift in Sources */,
				76E9E30D2AA76EF00072FA48 /* TempResultViewController.swift in Sources */,
				7691B48D2AB1ABB200454E6A /* CoreDataManager.swift in Sources */,
				760CA4822AAA012900E1E183 /* StatisticsViewController.swift in Sources */,
				7603AFC42AB87FD1007A027C /* HomeViewModel.swift in Sources */,
				7603AFBE2AB849BB007A027C /* SpeedometerResultCompletionViewModel.swift in Sources */,
			);
			runOnlyForDeploymentPostprocessing = 0;
		};
/* End PBXSourcesBuildPhase section */

/* Begin PBXVariantGroup section */
		764FD70F2AA49BE100C4ECF1 /* LaunchScreen.storyboard */ = {
			isa = PBXVariantGroup;
			children = (
				764FD7102AA49BE100C4ECF1 /* Base */,
			);
			name = LaunchScreen.storyboard;
			sourceTree = "<group>";
		};
/* End PBXVariantGroup section */

/* Begin XCBuildConfiguration section */
		764FD7132AA49BE100C4ECF1 /* Debug */ = {
			isa = XCBuildConfiguration;
			buildSettings = {
				ALWAYS_SEARCH_USER_PATHS = NO;
				CLANG_ANALYZER_NONNULL = YES;
				CLANG_ANALYZER_NUMBER_OBJECT_CONVERSION = YES_AGGRESSIVE;
				CLANG_CXX_LANGUAGE_STANDARD = "gnu++20";
				CLANG_ENABLE_MODULES = YES;
				CLANG_ENABLE_OBJC_ARC = YES;
				CLANG_ENABLE_OBJC_WEAK = YES;
				CLANG_WARN_BLOCK_CAPTURE_AUTORELEASING = YES;
				CLANG_WARN_BOOL_CONVERSION = YES;
				CLANG_WARN_COMMA = YES;
				CLANG_WARN_CONSTANT_CONVERSION = YES;
				CLANG_WARN_DEPRECATED_OBJC_IMPLEMENTATIONS = YES;
				CLANG_WARN_DIRECT_OBJC_ISA_USAGE = YES_ERROR;
				CLANG_WARN_DOCUMENTATION_COMMENTS = YES;
				CLANG_WARN_EMPTY_BODY = YES;
				CLANG_WARN_ENUM_CONVERSION = YES;
				CLANG_WARN_INFINITE_RECURSION = YES;
				CLANG_WARN_INT_CONVERSION = YES;
				CLANG_WARN_NON_LITERAL_NULL_CONVERSION = YES;
				CLANG_WARN_OBJC_IMPLICIT_RETAIN_SELF = YES;
				CLANG_WARN_OBJC_LITERAL_CONVERSION = YES;
				CLANG_WARN_OBJC_ROOT_CLASS = YES_ERROR;
				CLANG_WARN_QUOTED_INCLUDE_IN_FRAMEWORK_HEADER = YES;
				CLANG_WARN_RANGE_LOOP_ANALYSIS = YES;
				CLANG_WARN_STRICT_PROTOTYPES = YES;
				CLANG_WARN_SUSPICIOUS_MOVE = YES;
				CLANG_WARN_UNGUARDED_AVAILABILITY = YES_AGGRESSIVE;
				CLANG_WARN_UNREACHABLE_CODE = YES;
				CLANG_WARN__DUPLICATE_METHOD_MATCH = YES;
				COPY_PHASE_STRIP = NO;
				DEBUG_INFORMATION_FORMAT = dwarf;
				ENABLE_STRICT_OBJC_MSGSEND = YES;
				ENABLE_TESTABILITY = YES;
				GCC_C_LANGUAGE_STANDARD = gnu11;
				GCC_DYNAMIC_NO_PIC = NO;
				GCC_NO_COMMON_BLOCKS = YES;
				GCC_OPTIMIZATION_LEVEL = 0;
				GCC_PREPROCESSOR_DEFINITIONS = (
					"DEBUG=1",
					"$(inherited)",
				);
				GCC_WARN_64_TO_32_BIT_CONVERSION = YES;
				GCC_WARN_ABOUT_RETURN_TYPE = YES_ERROR;
				GCC_WARN_UNDECLARED_SELECTOR = YES;
				GCC_WARN_UNINITIALIZED_AUTOS = YES_AGGRESSIVE;
				GCC_WARN_UNUSED_FUNCTION = YES;
				GCC_WARN_UNUSED_VARIABLE = YES;
				IPHONEOS_DEPLOYMENT_TARGET = 16.4;
				MTL_ENABLE_DEBUG_INFO = INCLUDE_SOURCE;
				MTL_FAST_MATH = YES;
				ONLY_ACTIVE_ARCH = YES;
				SDKROOT = iphoneos;
				SWIFT_ACTIVE_COMPILATION_CONDITIONS = DEBUG;
				SWIFT_OPTIMIZATION_LEVEL = "-Onone";
			};
			name = Debug;
		};
		764FD7142AA49BE100C4ECF1 /* Release */ = {
			isa = XCBuildConfiguration;
			buildSettings = {
				ALWAYS_SEARCH_USER_PATHS = NO;
				CLANG_ANALYZER_NONNULL = YES;
				CLANG_ANALYZER_NUMBER_OBJECT_CONVERSION = YES_AGGRESSIVE;
				CLANG_CXX_LANGUAGE_STANDARD = "gnu++20";
				CLANG_ENABLE_MODULES = YES;
				CLANG_ENABLE_OBJC_ARC = YES;
				CLANG_ENABLE_OBJC_WEAK = YES;
				CLANG_WARN_BLOCK_CAPTURE_AUTORELEASING = YES;
				CLANG_WARN_BOOL_CONVERSION = YES;
				CLANG_WARN_COMMA = YES;
				CLANG_WARN_CONSTANT_CONVERSION = YES;
				CLANG_WARN_DEPRECATED_OBJC_IMPLEMENTATIONS = YES;
				CLANG_WARN_DIRECT_OBJC_ISA_USAGE = YES_ERROR;
				CLANG_WARN_DOCUMENTATION_COMMENTS = YES;
				CLANG_WARN_EMPTY_BODY = YES;
				CLANG_WARN_ENUM_CONVERSION = YES;
				CLANG_WARN_INFINITE_RECURSION = YES;
				CLANG_WARN_INT_CONVERSION = YES;
				CLANG_WARN_NON_LITERAL_NULL_CONVERSION = YES;
				CLANG_WARN_OBJC_IMPLICIT_RETAIN_SELF = YES;
				CLANG_WARN_OBJC_LITERAL_CONVERSION = YES;
				CLANG_WARN_OBJC_ROOT_CLASS = YES_ERROR;
				CLANG_WARN_QUOTED_INCLUDE_IN_FRAMEWORK_HEADER = YES;
				CLANG_WARN_RANGE_LOOP_ANALYSIS = YES;
				CLANG_WARN_STRICT_PROTOTYPES = YES;
				CLANG_WARN_SUSPICIOUS_MOVE = YES;
				CLANG_WARN_UNGUARDED_AVAILABILITY = YES_AGGRESSIVE;
				CLANG_WARN_UNREACHABLE_CODE = YES;
				CLANG_WARN__DUPLICATE_METHOD_MATCH = YES;
				COPY_PHASE_STRIP = NO;
				DEBUG_INFORMATION_FORMAT = "dwarf-with-dsym";
				ENABLE_NS_ASSERTIONS = NO;
				ENABLE_STRICT_OBJC_MSGSEND = YES;
				GCC_C_LANGUAGE_STANDARD = gnu11;
				GCC_NO_COMMON_BLOCKS = YES;
				GCC_WARN_64_TO_32_BIT_CONVERSION = YES;
				GCC_WARN_ABOUT_RETURN_TYPE = YES_ERROR;
				GCC_WARN_UNDECLARED_SELECTOR = YES;
				GCC_WARN_UNINITIALIZED_AUTOS = YES_AGGRESSIVE;
				GCC_WARN_UNUSED_FUNCTION = YES;
				GCC_WARN_UNUSED_VARIABLE = YES;
				IPHONEOS_DEPLOYMENT_TARGET = 16.4;
				MTL_ENABLE_DEBUG_INFO = NO;
				MTL_FAST_MATH = YES;
				SDKROOT = iphoneos;
				SWIFT_COMPILATION_MODE = wholemodule;
				SWIFT_OPTIMIZATION_LEVEL = "-O";
				VALIDATE_PRODUCT = YES;
			};
			name = Release;
		};
		764FD7162AA49BE100C4ECF1 /* Debug */ = {
			isa = XCBuildConfiguration;
			buildSettings = {
				ASSETCATALOG_COMPILER_APPICON_NAME = AppIcon;
				ASSETCATALOG_COMPILER_GLOBAL_ACCENT_COLOR_NAME = AccentColor;
				CODE_SIGN_STYLE = Automatic;
				CURRENT_PROJECT_VERSION = 1;
				DEVELOPMENT_TEAM = 54ZG4WU22U;
				GENERATE_INFOPLIST_FILE = YES;
				INFOPLIST_FILE = Speedometer/Info.plist;
				INFOPLIST_KEY_NSLocationAlwaysAndWhenInUseUsageDescription = "앱이 사용자의 위치에 접근하도록 허용합니다. 허용하지 않을 경우 위치 관련 서비스를 이용할 수 없습니다.";
				INFOPLIST_KEY_NSLocationWhenInUseUsageDescription = "앱이 사용자의 위치에 접근하도록 허용합니다. 허용하지 않을 경우 위치 관련 서비스를 이용할 수 없습니다.";
				INFOPLIST_KEY_UIApplicationSupportsIndirectInputEvents = YES;
				INFOPLIST_KEY_UILaunchStoryboardName = LaunchScreen;
				INFOPLIST_KEY_UIMainStoryboardFile = Home;
				INFOPLIST_KEY_UISupportedInterfaceOrientations_iPad = "UIInterfaceOrientationPortrait UIInterfaceOrientationPortraitUpsideDown UIInterfaceOrientationLandscapeLeft UIInterfaceOrientationLandscapeRight";
				INFOPLIST_KEY_UISupportedInterfaceOrientations_iPhone = "UIInterfaceOrientationPortrait UIInterfaceOrientationLandscapeLeft UIInterfaceOrientationLandscapeRight";
				LD_RUNPATH_SEARCH_PATHS = (
					"$(inherited)",
					"@executable_path/Frameworks",
				);
				MARKETING_VERSION = 1.0;
				PRODUCT_BUNDLE_IDENTIFIER = com.codeduck.Speedometer;
				PRODUCT_NAME = "$(TARGET_NAME)";
				SWIFT_EMIT_LOC_STRINGS = YES;
				SWIFT_VERSION = 5.0;
				TARGETED_DEVICE_FAMILY = "1,2";
			};
			name = Debug;
		};
		764FD7172AA49BE100C4ECF1 /* Release */ = {
			isa = XCBuildConfiguration;
			buildSettings = {
				ASSETCATALOG_COMPILER_APPICON_NAME = AppIcon;
				ASSETCATALOG_COMPILER_GLOBAL_ACCENT_COLOR_NAME = AccentColor;
				CODE_SIGN_STYLE = Automatic;
				CURRENT_PROJECT_VERSION = 1;
				DEVELOPMENT_TEAM = 54ZG4WU22U;
				GENERATE_INFOPLIST_FILE = YES;
				INFOPLIST_FILE = Speedometer/Info.plist;
				INFOPLIST_KEY_NSLocationAlwaysAndWhenInUseUsageDescription = "앱이 사용자의 위치에 접근하도록 허용합니다. 허용하지 않을 경우 위치 관련 서비스를 이용할 수 없습니다.";
				INFOPLIST_KEY_NSLocationWhenInUseUsageDescription = "앱이 사용자의 위치에 접근하도록 허용합니다. 허용하지 않을 경우 위치 관련 서비스를 이용할 수 없습니다.";
				INFOPLIST_KEY_UIApplicationSupportsIndirectInputEvents = YES;
				INFOPLIST_KEY_UILaunchStoryboardName = LaunchScreen;
				INFOPLIST_KEY_UIMainStoryboardFile = Home;
				INFOPLIST_KEY_UISupportedInterfaceOrientations_iPad = "UIInterfaceOrientationPortrait UIInterfaceOrientationPortraitUpsideDown UIInterfaceOrientationLandscapeLeft UIInterfaceOrientationLandscapeRight";
				INFOPLIST_KEY_UISupportedInterfaceOrientations_iPhone = "UIInterfaceOrientationPortrait UIInterfaceOrientationLandscapeLeft UIInterfaceOrientationLandscapeRight";
				LD_RUNPATH_SEARCH_PATHS = (
					"$(inherited)",
					"@executable_path/Frameworks",
				);
				MARKETING_VERSION = 1.0;
				PRODUCT_BUNDLE_IDENTIFIER = com.codeduck.Speedometer;
				PRODUCT_NAME = "$(TARGET_NAME)";
				SWIFT_EMIT_LOC_STRINGS = YES;
				SWIFT_VERSION = 5.0;
				TARGETED_DEVICE_FAMILY = "1,2";
			};
			name = Release;
		};
/* End XCBuildConfiguration section */

/* Begin XCConfigurationList section */
		764FD6FC2AA49BE000C4ECF1 /* Build configuration list for PBXProject "Speedometer" */ = {
			isa = XCConfigurationList;
			buildConfigurations = (
				764FD7132AA49BE100C4ECF1 /* Debug */,
				764FD7142AA49BE100C4ECF1 /* Release */,
			);
			defaultConfigurationIsVisible = 0;
			defaultConfigurationName = Release;
		};
		764FD7152AA49BE100C4ECF1 /* Build configuration list for PBXNativeTarget "Speedometer" */ = {
			isa = XCConfigurationList;
			buildConfigurations = (
				764FD7162AA49BE100C4ECF1 /* Debug */,
				764FD7172AA49BE100C4ECF1 /* Release */,
			);
			defaultConfigurationIsVisible = 0;
			defaultConfigurationName = Release;
		};
/* End XCConfigurationList section */

/* Begin XCVersionGroup section */
		76DC9E682AB075B3002D2A87 /* ResultContainer.xcdatamodeld */ = {
			isa = XCVersionGroup;
			children = (
				76DC9E692AB075B3002D2A87 /* SpeedometerResultContainer.xcdatamodel */,
			);
			currentVersion = 76DC9E692AB075B3002D2A87 /* SpeedometerResultContainer.xcdatamodel */;
			path = ResultContainer.xcdatamodeld;
			sourceTree = "<group>";
			versionGroupType = wrapper.xcdatamodel;
		};
/* End XCVersionGroup section */
	};
	rootObject = 764FD6F92AA49BE000C4ECF1 /* Project object */;
}
